// !$*UTF8*$!
{
	archiveVersion = 1;
	classes = {
	};
	objectVersion = 48;
	objects = {

/* Begin PBXBuildFile section */
		1E1473732019DFBE0011E963 /* AbstractCollectionViewController.swift in Sources */ = {isa = PBXBuildFile; fileRef = 1E1473722019DFBE0011E963 /* AbstractCollectionViewController.swift */; };
		1E1473762019DFF70011E963 /* ActivityIndicatorHelper.swift in Sources */ = {isa = PBXBuildFile; fileRef = 1E1473752019DFF70011E963 /* ActivityIndicatorHelper.swift */; };
		1E301F482043FAC400C5EB73 /* MainMenuViewController.swift in Sources */ = {isa = PBXBuildFile; fileRef = 1E301F472043FAC400C5EB73 /* MainMenuViewController.swift */; };
		1E301F4F204506EE00C5EB73 /* IconHelper.swift in Sources */ = {isa = PBXBuildFile; fileRef = 1E301F4E204506EE00C5EB73 /* IconHelper.swift */; };
		1E3985BB20624BED00790473 /* SwiftyRest.framework in Frameworks */ = {isa = PBXBuildFile; fileRef = 1E3985B920624BE800790473 /* SwiftyRest.framework */; };
		1E3985BC20624BED00790473 /* SwiftyRest.framework in Embed Frameworks */ = {isa = PBXBuildFile; fileRef = 1E3985B920624BE800790473 /* SwiftyRest.framework */; settings = {ATTRIBUTES = (CodeSignOnCopy, RemoveHeadersOnCopy, ); }; };
		1E3985BE206250F700790473 /* Alert.swift in Sources */ = {isa = PBXBuildFile; fileRef = 1E3985BD206250F700790473 /* Alert.swift */; };
		1E3985C0206359D300790473 /* UtilService.swift in Sources */ = {isa = PBXBuildFile; fileRef = 1E3985BF206359D300790473 /* UtilService.swift */; };
		1E3985C320638E9100790473 /* LoginController.swift in Sources */ = {isa = PBXBuildFile; fileRef = 1E3985C220638E9100790473 /* LoginController.swift */; };
		1E44BF2F2047C43A002DEF37 /* ApplicantDetailTitleCell.swift in Sources */ = {isa = PBXBuildFile; fileRef = 1E44BF2E2047C43A002DEF37 /* ApplicantDetailTitleCell.swift */; };
		1E44BF312047C46D002DEF37 /* ApplicantsItemCell.swift in Sources */ = {isa = PBXBuildFile; fileRef = 1E44BF302047C46D002DEF37 /* ApplicantsItemCell.swift */; };
		1E44BF332047C56C002DEF37 /* Applicant.swift in Sources */ = {isa = PBXBuildFile; fileRef = 1E44BF322047C56C002DEF37 /* Applicant.swift */; };
		1E44BF372047C890002DEF37 /* ApplicantsCollectionService.swift in Sources */ = {isa = PBXBuildFile; fileRef = 1E44BF362047C890002DEF37 /* ApplicantsCollectionService.swift */; };
		1E44DA4C2018349400790F4C /* AppDelegate.swift in Sources */ = {isa = PBXBuildFile; fileRef = 1E44DA4B2018349400790F4C /* AppDelegate.swift */; };
		1E44DA4E2018349400790F4C /* ApplicantsViewController.swift in Sources */ = {isa = PBXBuildFile; fileRef = 1E44DA4D2018349400790F4C /* ApplicantsViewController.swift */; };
		1E44DA502018349400790F4C /* ApplicantDetailViewController.swift in Sources */ = {isa = PBXBuildFile; fileRef = 1E44DA4F2018349400790F4C /* ApplicantDetailViewController.swift */; };
		1E44DA532018349400790F4C /* Main.storyboard in Resources */ = {isa = PBXBuildFile; fileRef = 1E44DA512018349400790F4C /* Main.storyboard */; };
		1E44DA552018349400790F4C /* Assets.xcassets in Resources */ = {isa = PBXBuildFile; fileRef = 1E44DA542018349400790F4C /* Assets.xcassets */; };
		1E44DA582018349400790F4C /* LaunchScreen.storyboard in Resources */ = {isa = PBXBuildFile; fileRef = 1E44DA562018349400790F4C /* LaunchScreen.storyboard */; };
		1E44DA632018349500790F4C /* HiringTrackerTests.swift in Sources */ = {isa = PBXBuildFile; fileRef = 1E44DA622018349500790F4C /* HiringTrackerTests.swift */; };
		1E44DA6E2018349500790F4C /* HiringTrackerUITests.swift in Sources */ = {isa = PBXBuildFile; fileRef = 1E44DA6D2018349500790F4C /* HiringTrackerUITests.swift */; };
		1E44DA8320188DEA00790F4C /* Job.swift in Sources */ = {isa = PBXBuildFile; fileRef = 1E44DA8220188DEA00790F4C /* Job.swift */; };
		1E44DA8820188F6D00790F4C /* DmType.swift in Sources */ = {isa = PBXBuildFile; fileRef = 1E44DA8720188F6D00790F4C /* DmType.swift */; };
		1E44DA8A20188FF500790F4C /* BasicObject.swift in Sources */ = {isa = PBXBuildFile; fileRef = 1E44DA8920188FF500790F4C /* BasicObject.swift */; };
		1E44DA8C2019741600790F4C /* Context.swift in Sources */ = {isa = PBXBuildFile; fileRef = 1E44DA8B2019741600790F4C /* Context.swift */; };
		1E44DA8E201977BA00790F4C /* User.swift in Sources */ = {isa = PBXBuildFile; fileRef = 1E44DA8D201977BA00790F4C /* User.swift */; };
		1E44DA9220197D1F00790F4C /* Document.swift in Sources */ = {isa = PBXBuildFile; fileRef = 1E44DA9120197D1F00790F4C /* Document.swift */; };
		1E44DA94201984F300790F4C /* Employer.swift in Sources */ = {isa = PBXBuildFile; fileRef = 1E44DA93201984F300790F4C /* Employer.swift */; };
		1E4565D0204804EE003B0461 /* ApplicantDetailInfoCell.swift in Sources */ = {isa = PBXBuildFile; fileRef = 1E4565CF204804EE003B0461 /* ApplicantDetailInfoCell.swift */; };
		1E595B5C205F838C007ED4E5 /* JobsItemCell.swift in Sources */ = {isa = PBXBuildFile; fileRef = 1E595B5B205F838C007ED4E5 /* JobsItemCell.swift */; };
		1E595B5E205F83DF007ED4E5 /* JobsCollectionService.swift in Sources */ = {isa = PBXBuildFile; fileRef = 1E595B5D205F83DF007ED4E5 /* JobsCollectionService.swift */; };
		1E595B61205F84DE007ED4E5 /* JobsViewController.swift in Sources */ = {isa = PBXBuildFile; fileRef = 1E595B60205F84DE007ED4E5 /* JobsViewController.swift */; };
		1E595B63205F88C0007ED4E5 /* ApplicantTabBarViewController.swift in Sources */ = {isa = PBXBuildFile; fileRef = 1E595B62205F88C0007ED4E5 /* ApplicantTabBarViewController.swift */; };
		1E595B67205F899A007ED4E5 /* EmployeeTabBarViewController.swift in Sources */ = {isa = PBXBuildFile; fileRef = 1E595B66205F899A007ED4E5 /* EmployeeTabBarViewController.swift */; };
		1E9BC7D2201AC61800D37441 /* ItemTableViewCell.swift in Sources */ = {isa = PBXBuildFile; fileRef = 1E9BC7D1201AC61800D37441 /* ItemTableViewCell.swift */; };
		1E9BC7D9201AC94100D37441 /* RestCollectionService.swift in Sources */ = {isa = PBXBuildFile; fileRef = 1E9BC7D8201AC94100D37441 /* RestCollectionService.swift */; };
		1E9BC7DC201ACC7300D37441 /* ErrorAlert.swift in Sources */ = {isa = PBXBuildFile; fileRef = 1E9BC7DB201ACC7300D37441 /* ErrorAlert.swift */; };
		1EDF812E205920DA008FB71D /* ApplicantProperties.swift in Sources */ = {isa = PBXBuildFile; fileRef = 1EDF812D205920DA008FB71D /* ApplicantProperties.swift */; };
		1EE2B7832047E08C007C78CD /* AbstractSingleViewController.swift in Sources */ = {isa = PBXBuildFile; fileRef = 1EE2B7822047E08C007C78CD /* AbstractSingleViewController.swift */; };
		1EE2B7852047E3DB007C78CD /* RestSingleService.swift in Sources */ = {isa = PBXBuildFile; fileRef = 1EE2B7842047E3DB007C78CD /* RestSingleService.swift */; };
		1EEACAE2205F9BEB00D48CCA /* JobDetailApplicantSideViewController.swift in Sources */ = {isa = PBXBuildFile; fileRef = 1EEACAE1205F9BEB00D48CCA /* JobDetailApplicantSideViewController.swift */; };
		1EEACAE5205F9FB600D48CCA /* RestDownloadService.swift in Sources */ = {isa = PBXBuildFile; fileRef = 1EEACAE4205F9FB600D48CCA /* RestDownloadService.swift */; };
		1EEACAE7205FB1E500D48CCA /* AbstractViewController.swift in Sources */ = {isa = PBXBuildFile; fileRef = 1EEACAE6205FB1E500D48CCA /* AbstractViewController.swift */; };
		4C889AE01C34CE860108A002 /* Pods_HiringTracker.framework in Frameworks */ = {isa = PBXBuildFile; fileRef = F3C90BFBC1F679262AFF52B4 /* Pods_HiringTracker.framework */; };
/* End PBXBuildFile section */

/* Begin PBXContainerItemProxy section */
		1E44DA5F2018349500790F4C /* PBXContainerItemProxy */ = {
			isa = PBXContainerItemProxy;
			containerPortal = 1E44DA402018349400790F4C /* Project object */;
			proxyType = 1;
			remoteGlobalIDString = 1E44DA472018349400790F4C;
			remoteInfo = HiringTracker;
		};
		1E44DA6A2018349500790F4C /* PBXContainerItemProxy */ = {
			isa = PBXContainerItemProxy;
			containerPortal = 1E44DA402018349400790F4C /* Project object */;
			proxyType = 1;
			remoteGlobalIDString = 1E44DA472018349400790F4C;
			remoteInfo = HiringTracker;
		};
/* End PBXContainerItemProxy section */

/* Begin PBXCopyFilesBuildPhase section */
		1E3985B820624B9F00790473 /* Embed Frameworks */ = {
			isa = PBXCopyFilesBuildPhase;
			buildActionMask = 2147483647;
			dstPath = "";
			dstSubfolderSpec = 10;
			files = (
				1E3985BC20624BED00790473 /* SwiftyRest.framework in Embed Frameworks */,
			);
			name = "Embed Frameworks";
			runOnlyForDeploymentPostprocessing = 0;
		};
/* End PBXCopyFilesBuildPhase section */

/* Begin PBXFileReference section */
		1E1473722019DFBE0011E963 /* AbstractCollectionViewController.swift */ = {isa = PBXFileReference; lastKnownFileType = sourcecode.swift; path = AbstractCollectionViewController.swift; sourceTree = "<group>"; };
		1E1473752019DFF70011E963 /* ActivityIndicatorHelper.swift */ = {isa = PBXFileReference; lastKnownFileType = sourcecode.swift; path = ActivityIndicatorHelper.swift; sourceTree = "<group>"; };
		1E1473772019E2120011E963 /* SwiftyRest.framework */ = {isa = PBXFileReference; lastKnownFileType = wrapper.framework; name = SwiftyRest.framework; path = "../SwiftyRest/Build/Products/Release-iphonesimulator/SwiftyRest.framework"; sourceTree = "<group>"; };
		1E301F472043FAC400C5EB73 /* MainMenuViewController.swift */ = {isa = PBXFileReference; lastKnownFileType = sourcecode.swift; path = MainMenuViewController.swift; sourceTree = "<group>"; };
		1E301F4E204506EE00C5EB73 /* IconHelper.swift */ = {isa = PBXFileReference; lastKnownFileType = sourcecode.swift; path = IconHelper.swift; sourceTree = "<group>"; };
		1E3985B920624BE800790473 /* SwiftyRest.framework */ = {isa = PBXFileReference; lastKnownFileType = wrapper.framework; path = SwiftyRest.framework; sourceTree = "<group>"; };
		1E3985BD206250F700790473 /* Alert.swift */ = {isa = PBXFileReference; lastKnownFileType = sourcecode.swift; path = Alert.swift; sourceTree = "<group>"; };
		1E3985BF206359D300790473 /* UtilService.swift */ = {isa = PBXFileReference; lastKnownFileType = sourcecode.swift; path = UtilService.swift; sourceTree = "<group>"; };
		1E3985C220638E9100790473 /* LoginController.swift */ = {isa = PBXFileReference; lastKnownFileType = sourcecode.swift; path = LoginController.swift; sourceTree = "<group>"; };
		1E44BF2E2047C43A002DEF37 /* ApplicantDetailTitleCell.swift */ = {isa = PBXFileReference; lastKnownFileType = sourcecode.swift; path = ApplicantDetailTitleCell.swift; sourceTree = "<group>"; };
		1E44BF302047C46D002DEF37 /* ApplicantsItemCell.swift */ = {isa = PBXFileReference; lastKnownFileType = sourcecode.swift; path = ApplicantsItemCell.swift; sourceTree = "<group>"; };
		1E44BF322047C56C002DEF37 /* Applicant.swift */ = {isa = PBXFileReference; lastKnownFileType = sourcecode.swift; path = Applicant.swift; sourceTree = "<group>"; };
		1E44BF362047C890002DEF37 /* ApplicantsCollectionService.swift */ = {isa = PBXFileReference; lastKnownFileType = sourcecode.swift; path = ApplicantsCollectionService.swift; sourceTree = "<group>"; };
		1E44DA482018349400790F4C /* HiringTracker.app */ = {isa = PBXFileReference; explicitFileType = wrapper.application; includeInIndex = 0; path = HiringTracker.app; sourceTree = BUILT_PRODUCTS_DIR; };
		1E44DA4B2018349400790F4C /* AppDelegate.swift */ = {isa = PBXFileReference; lastKnownFileType = sourcecode.swift; path = AppDelegate.swift; sourceTree = "<group>"; };
		1E44DA4D2018349400790F4C /* ApplicantsViewController.swift */ = {isa = PBXFileReference; lastKnownFileType = sourcecode.swift; path = ApplicantsViewController.swift; sourceTree = "<group>"; };
		1E44DA4F2018349400790F4C /* ApplicantDetailViewController.swift */ = {isa = PBXFileReference; lastKnownFileType = sourcecode.swift; path = ApplicantDetailViewController.swift; sourceTree = "<group>"; };
		1E44DA522018349400790F4C /* Base */ = {isa = PBXFileReference; lastKnownFileType = file.storyboard; name = Base; path = Base.lproj/Main.storyboard; sourceTree = "<group>"; };
		1E44DA542018349400790F4C /* Assets.xcassets */ = {isa = PBXFileReference; lastKnownFileType = folder.assetcatalog; path = Assets.xcassets; sourceTree = "<group>"; };
		1E44DA572018349400790F4C /* Base */ = {isa = PBXFileReference; lastKnownFileType = file.storyboard; name = Base; path = Base.lproj/LaunchScreen.storyboard; sourceTree = "<group>"; };
		1E44DA592018349400790F4C /* Info.plist */ = {isa = PBXFileReference; lastKnownFileType = text.plist.xml; path = Info.plist; sourceTree = "<group>"; };
		1E44DA5E2018349500790F4C /* HiringTrackerTests.xctest */ = {isa = PBXFileReference; explicitFileType = wrapper.cfbundle; includeInIndex = 0; path = HiringTrackerTests.xctest; sourceTree = BUILT_PRODUCTS_DIR; };
		1E44DA622018349500790F4C /* HiringTrackerTests.swift */ = {isa = PBXFileReference; lastKnownFileType = sourcecode.swift; path = HiringTrackerTests.swift; sourceTree = "<group>"; };
		1E44DA642018349500790F4C /* Info.plist */ = {isa = PBXFileReference; lastKnownFileType = text.plist.xml; path = Info.plist; sourceTree = "<group>"; };
		1E44DA692018349500790F4C /* HiringTrackerUITests.xctest */ = {isa = PBXFileReference; explicitFileType = wrapper.cfbundle; includeInIndex = 0; path = HiringTrackerUITests.xctest; sourceTree = BUILT_PRODUCTS_DIR; };
		1E44DA6D2018349500790F4C /* HiringTrackerUITests.swift */ = {isa = PBXFileReference; lastKnownFileType = sourcecode.swift; path = HiringTrackerUITests.swift; sourceTree = "<group>"; };
		1E44DA6F2018349500790F4C /* Info.plist */ = {isa = PBXFileReference; lastKnownFileType = text.plist.xml; path = Info.plist; sourceTree = "<group>"; };
		1E44DA7D201837FA00790F4C /* Podfile */ = {isa = PBXFileReference; lastKnownFileType = text; name = Podfile; path = /Users/songm3/Github/HiringTracker/Podfile; sourceTree = "<absolute>"; xcLanguageSpecificationIdentifier = xcode.lang.ruby; };
		1E44DA8220188DEA00790F4C /* Job.swift */ = {isa = PBXFileReference; lastKnownFileType = sourcecode.swift; path = Job.swift; sourceTree = "<group>"; };
		1E44DA8720188F6D00790F4C /* DmType.swift */ = {isa = PBXFileReference; lastKnownFileType = sourcecode.swift; path = DmType.swift; sourceTree = "<group>"; };
		1E44DA8920188FF500790F4C /* BasicObject.swift */ = {isa = PBXFileReference; lastKnownFileType = sourcecode.swift; path = BasicObject.swift; sourceTree = "<group>"; };
		1E44DA8B2019741600790F4C /* Context.swift */ = {isa = PBXFileReference; lastKnownFileType = sourcecode.swift; path = Context.swift; sourceTree = "<group>"; };
		1E44DA8D201977BA00790F4C /* User.swift */ = {isa = PBXFileReference; lastKnownFileType = sourcecode.swift; path = User.swift; sourceTree = "<group>"; };
		1E44DA9120197D1F00790F4C /* Document.swift */ = {isa = PBXFileReference; lastKnownFileType = sourcecode.swift; path = Document.swift; sourceTree = "<group>"; };
		1E44DA93201984F300790F4C /* Employer.swift */ = {isa = PBXFileReference; lastKnownFileType = sourcecode.swift; path = Employer.swift; sourceTree = "<group>"; };
		1E4565CF204804EE003B0461 /* ApplicantDetailInfoCell.swift */ = {isa = PBXFileReference; lastKnownFileType = sourcecode.swift; path = ApplicantDetailInfoCell.swift; sourceTree = "<group>"; };
		1E595B5B205F838C007ED4E5 /* JobsItemCell.swift */ = {isa = PBXFileReference; lastKnownFileType = sourcecode.swift; path = JobsItemCell.swift; sourceTree = "<group>"; };
		1E595B5D205F83DF007ED4E5 /* JobsCollectionService.swift */ = {isa = PBXFileReference; lastKnownFileType = sourcecode.swift; path = JobsCollectionService.swift; sourceTree = "<group>"; };
		1E595B60205F84DE007ED4E5 /* JobsViewController.swift */ = {isa = PBXFileReference; lastKnownFileType = sourcecode.swift; path = JobsViewController.swift; sourceTree = "<group>"; };
		1E595B62205F88C0007ED4E5 /* ApplicantTabBarViewController.swift */ = {isa = PBXFileReference; lastKnownFileType = sourcecode.swift; path = ApplicantTabBarViewController.swift; sourceTree = "<group>"; };
		1E595B66205F899A007ED4E5 /* EmployeeTabBarViewController.swift */ = {isa = PBXFileReference; lastKnownFileType = sourcecode.swift; path = EmployeeTabBarViewController.swift; sourceTree = "<group>"; };
		1E9BC7D1201AC61800D37441 /* ItemTableViewCell.swift */ = {isa = PBXFileReference; lastKnownFileType = sourcecode.swift; path = ItemTableViewCell.swift; sourceTree = "<group>"; };
		1E9BC7D8201AC94100D37441 /* RestCollectionService.swift */ = {isa = PBXFileReference; lastKnownFileType = sourcecode.swift; path = RestCollectionService.swift; sourceTree = "<group>"; };
		1E9BC7DB201ACC7300D37441 /* ErrorAlert.swift */ = {isa = PBXFileReference; lastKnownFileType = sourcecode.swift; path = ErrorAlert.swift; sourceTree = "<group>"; };
		1EDF812D205920DA008FB71D /* ApplicantProperties.swift */ = {isa = PBXFileReference; lastKnownFileType = sourcecode.swift; path = ApplicantProperties.swift; sourceTree = "<group>"; };
		1EE2B7822047E08C007C78CD /* AbstractSingleViewController.swift */ = {isa = PBXFileReference; lastKnownFileType = sourcecode.swift; path = AbstractSingleViewController.swift; sourceTree = "<group>"; };
		1EE2B7842047E3DB007C78CD /* RestSingleService.swift */ = {isa = PBXFileReference; lastKnownFileType = sourcecode.swift; path = RestSingleService.swift; sourceTree = "<group>"; };
		1EEACAE1205F9BEB00D48CCA /* JobDetailApplicantSideViewController.swift */ = {isa = PBXFileReference; lastKnownFileType = sourcecode.swift; path = JobDetailApplicantSideViewController.swift; sourceTree = "<group>"; };
		1EEACAE4205F9FB600D48CCA /* RestDownloadService.swift */ = {isa = PBXFileReference; lastKnownFileType = sourcecode.swift; path = RestDownloadService.swift; sourceTree = "<group>"; };
		1EEACAE6205FB1E500D48CCA /* AbstractViewController.swift */ = {isa = PBXFileReference; lastKnownFileType = sourcecode.swift; path = AbstractViewController.swift; sourceTree = "<group>"; };
		7E60551E373960A7C5365BC2 /* Pods-HiringTracker.release.xcconfig */ = {isa = PBXFileReference; includeInIndex = 1; lastKnownFileType = text.xcconfig; name = "Pods-HiringTracker.release.xcconfig"; path = "Pods/Target Support Files/Pods-HiringTracker/Pods-HiringTracker.release.xcconfig"; sourceTree = "<group>"; };
		B693004F0FF918561DD68DBF /* Pods-HiringTracker.debug.xcconfig */ = {isa = PBXFileReference; includeInIndex = 1; lastKnownFileType = text.xcconfig; name = "Pods-HiringTracker.debug.xcconfig"; path = "Pods/Target Support Files/Pods-HiringTracker/Pods-HiringTracker.debug.xcconfig"; sourceTree = "<group>"; };
		F3C90BFBC1F679262AFF52B4 /* Pods_HiringTracker.framework */ = {isa = PBXFileReference; explicitFileType = wrapper.framework; includeInIndex = 0; path = Pods_HiringTracker.framework; sourceTree = BUILT_PRODUCTS_DIR; };
/* End PBXFileReference section */

/* Begin PBXFrameworksBuildPhase section */
		1E44DA452018349400790F4C /* Frameworks */ = {
			isa = PBXFrameworksBuildPhase;
			buildActionMask = 2147483647;
			files = (
				1E3985BB20624BED00790473 /* SwiftyRest.framework in Frameworks */,
				4C889AE01C34CE860108A002 /* Pods_HiringTracker.framework in Frameworks */,
			);
			runOnlyForDeploymentPostprocessing = 0;
		};
		1E44DA5B2018349500790F4C /* Frameworks */ = {
			isa = PBXFrameworksBuildPhase;
			buildActionMask = 2147483647;
			files = (
			);
			runOnlyForDeploymentPostprocessing = 0;
		};
		1E44DA662018349500790F4C /* Frameworks */ = {
			isa = PBXFrameworksBuildPhase;
			buildActionMask = 2147483647;
			files = (
			);
			runOnlyForDeploymentPostprocessing = 0;
		};
/* End PBXFrameworksBuildPhase section */

/* Begin PBXGroup section */
		1E1473702019DF660011E963 /* UI */ = {
			isa = PBXGroup;
			children = (
				1E9BC7DA201ACC6700D37441 /* Alert */,
				1E9BC7D3201AC70B00D37441 /* Storyboard */,
				1E9BC7CF201AC5EA00D37441 /* View */,
				1E1473742019DFDD0011E963 /* Misc */,
				1E1473712019DF8B0011E963 /* Controller */,
			);
			path = UI;
			sourceTree = "<group>";
		};
		1E1473712019DF8B0011E963 /* Controller */ = {
			isa = PBXGroup;
			children = (
				1E3985C120638E8300790473 /* login */,
				1E301F492043FB8C00C5EB73 /* abstract */,
				1E44BF2720455DC1002DEF37 /* tabViews */,
				1E301F4B2043FB9F00C5EB73 /* menus */,
				1E301F4A2043FB9200C5EB73 /* applicants */,
				1E595B5F205F84CB007ED4E5 /* jobs */,
			);
			path = Controller;
			sourceTree = "<group>";
		};
		1E1473742019DFDD0011E963 /* Misc */ = {
			isa = PBXGroup;
			children = (
				1E1473752019DFF70011E963 /* ActivityIndicatorHelper.swift */,
				1E301F4E204506EE00C5EB73 /* IconHelper.swift */,
			);
			path = Misc;
			sourceTree = "<group>";
		};
		1E301F492043FB8C00C5EB73 /* abstract */ = {
			isa = PBXGroup;
			children = (
				1EE2B7822047E08C007C78CD /* AbstractSingleViewController.swift */,
				1E1473722019DFBE0011E963 /* AbstractCollectionViewController.swift */,
				1EEACAE6205FB1E500D48CCA /* AbstractViewController.swift */,
			);
			path = abstract;
			sourceTree = "<group>";
		};
		1E301F4A2043FB9200C5EB73 /* applicants */ = {
			isa = PBXGroup;
			children = (
				1E44DA4F2018349400790F4C /* ApplicantDetailViewController.swift */,
				1E44DA4D2018349400790F4C /* ApplicantsViewController.swift */,
			);
			path = applicants;
			sourceTree = "<group>";
		};
		1E301F4B2043FB9F00C5EB73 /* menus */ = {
			isa = PBXGroup;
			children = (
				1E301F472043FAC400C5EB73 /* MainMenuViewController.swift */,
			);
			path = menus;
			sourceTree = "<group>";
		};
		1E3985C120638E8300790473 /* login */ = {
			isa = PBXGroup;
			children = (
				1E3985C220638E9100790473 /* LoginController.swift */,
			);
			path = login;
			sourceTree = "<group>";
		};
		1E44BF2720455DC1002DEF37 /* tabViews */ = {
			isa = PBXGroup;
			children = (
				1E595B66205F899A007ED4E5 /* EmployeeTabBarViewController.swift */,
				1E595B62205F88C0007ED4E5 /* ApplicantTabBarViewController.swift */,
			);
			path = tabViews;
			sourceTree = "<group>";
		};
		1E44BF342047C871002DEF37 /* Documentum */ = {
			isa = PBXGroup;
			children = (
				1E9BC7D8201AC94100D37441 /* RestCollectionService.swift */,
				1EE2B7842047E3DB007C78CD /* RestSingleService.swift */,
				1E3985BF206359D300790473 /* UtilService.swift */,
			);
			path = Documentum;
			sourceTree = "<group>";
		};
		1E44BF352047C881002DEF37 /* Hiring */ = {
			isa = PBXGroup;
			children = (
				1E44BF362047C890002DEF37 /* ApplicantsCollectionService.swift */,
				1E595B5D205F83DF007ED4E5 /* JobsCollectionService.swift */,
			);
			path = Hiring;
			sourceTree = "<group>";
		};
		1E44DA3F2018349400790F4C = {
			isa = PBXGroup;
			children = (
				1E3985B920624BE800790473 /* SwiftyRest.framework */,
				1E44DA7D201837FA00790F4C /* Podfile */,
				1E44DA4A2018349400790F4C /* HiringTracker */,
				1E44DA612018349500790F4C /* HiringTrackerTests */,
				1E44DA6C2018349500790F4C /* HiringTrackerUITests */,
				1E44DA492018349400790F4C /* Products */,
				F3488CAA989E2EC3355E8489 /* Pods */,
				B403ABD488C936D78BA0E958 /* Frameworks */,
			);
			sourceTree = "<group>";
		};
		1E44DA492018349400790F4C /* Products */ = {
			isa = PBXGroup;
			children = (
				1E44DA482018349400790F4C /* HiringTracker.app */,
				1E44DA5E2018349500790F4C /* HiringTrackerTests.xctest */,
				1E44DA692018349500790F4C /* HiringTrackerUITests.xctest */,
			);
			name = Products;
			sourceTree = "<group>";
		};
		1E44DA4A2018349400790F4C /* HiringTracker */ = {
			isa = PBXGroup;
			children = (
				1E9BC7D4201AC8F700D37441 /* Rest */,
				1E1473702019DF660011E963 /* UI */,
				1E44DA8420188E2B00790F4C /* Misc */,
				1E44DA8120188DCE00790F4C /* Model */,
				1E44DA4B2018349400790F4C /* AppDelegate.swift */,
				1E44DA542018349400790F4C /* Assets.xcassets */,
				1E44DA592018349400790F4C /* Info.plist */,
			);
			path = HiringTracker;
			sourceTree = "<group>";
		};
		1E44DA612018349500790F4C /* HiringTrackerTests */ = {
			isa = PBXGroup;
			children = (
				1E44DA622018349500790F4C /* HiringTrackerTests.swift */,
				1E44DA642018349500790F4C /* Info.plist */,
			);
			path = HiringTrackerTests;
			sourceTree = "<group>";
		};
		1E44DA6C2018349500790F4C /* HiringTrackerUITests */ = {
			isa = PBXGroup;
			children = (
				1E44DA6D2018349500790F4C /* HiringTrackerUITests.swift */,
				1E44DA6F2018349500790F4C /* Info.plist */,
			);
			path = HiringTrackerUITests;
			sourceTree = "<group>";
		};
		1E44DA8120188DCE00790F4C /* Model */ = {
			isa = PBXGroup;
			children = (
				1E44DA9020197C5A00790F4C /* Hiring */,
				1E44DA8F20197C4300790F4C /* Documentum */,
			);
			path = Model;
			sourceTree = "<group>";
		};
		1E44DA8420188E2B00790F4C /* Misc */ = {
			isa = PBXGroup;
			children = (
				1E44DA8B2019741600790F4C /* Context.swift */,
			);
			path = Misc;
			sourceTree = "<group>";
		};
		1E44DA8F20197C4300790F4C /* Documentum */ = {
			isa = PBXGroup;
			children = (
				1E44DA8720188F6D00790F4C /* DmType.swift */,
				1E44DA8920188FF500790F4C /* BasicObject.swift */,
				1E44DA8D201977BA00790F4C /* User.swift */,
				1E44DA9120197D1F00790F4C /* Document.swift */,
				1EDF812D205920DA008FB71D /* ApplicantProperties.swift */,
			);
			path = Documentum;
			sourceTree = "<group>";
		};
		1E44DA9020197C5A00790F4C /* Hiring */ = {
			isa = PBXGroup;
			children = (
				1E44DA8220188DEA00790F4C /* Job.swift */,
				1E44DA93201984F300790F4C /* Employer.swift */,
				1E44BF322047C56C002DEF37 /* Applicant.swift */,
			);
			path = Hiring;
			sourceTree = "<group>";
		};
		1E595B59205F836B007ED4E5 /* Applicant */ = {
			isa = PBXGroup;
			children = (
				1E44BF2E2047C43A002DEF37 /* ApplicantDetailTitleCell.swift */,
				1E44BF302047C46D002DEF37 /* ApplicantsItemCell.swift */,
				1E4565CF204804EE003B0461 /* ApplicantDetailInfoCell.swift */,
			);
			path = Applicant;
			sourceTree = "<group>";
		};
		1E595B5A205F837A007ED4E5 /* Job */ = {
			isa = PBXGroup;
			children = (
				1E595B5B205F838C007ED4E5 /* JobsItemCell.swift */,
			);
			path = Job;
			sourceTree = "<group>";
		};
		1E595B5F205F84CB007ED4E5 /* jobs */ = {
			isa = PBXGroup;
			children = (
				1E595B60205F84DE007ED4E5 /* JobsViewController.swift */,
				1EEACAE1205F9BEB00D48CCA /* JobDetailApplicantSideViewController.swift */,
			);
			path = jobs;
			sourceTree = "<group>";
		};
		1E9BC7CF201AC5EA00D37441 /* View */ = {
			isa = PBXGroup;
			children = (
				1E9BC7D0201AC5F900D37441 /* Cell */,
			);
			path = View;
			sourceTree = "<group>";
		};
		1E9BC7D0201AC5F900D37441 /* Cell */ = {
			isa = PBXGroup;
			children = (
				1E9BC7D1201AC61800D37441 /* ItemTableViewCell.swift */,
				1E595B59205F836B007ED4E5 /* Applicant */,
				1E595B5A205F837A007ED4E5 /* Job */,
			);
			path = Cell;
			sourceTree = "<group>";
		};
		1E9BC7D3201AC70B00D37441 /* Storyboard */ = {
			isa = PBXGroup;
			children = (
				1E44DA512018349400790F4C /* Main.storyboard */,
				1E44DA562018349400790F4C /* LaunchScreen.storyboard */,
			);
			path = Storyboard;
			sourceTree = "<group>";
		};
		1E9BC7D4201AC8F700D37441 /* Rest */ = {
			isa = PBXGroup;
			children = (
				1EEACAE3205F9FA300D48CCA /* Enhancement */,
				1E9BC7D5201AC90A00D37441 /* Services */,
			);
			path = Rest;
			sourceTree = "<group>";
		};
		1E9BC7D5201AC90A00D37441 /* Services */ = {
			isa = PBXGroup;
			children = (
				1E44BF352047C881002DEF37 /* Hiring */,
				1E44BF342047C871002DEF37 /* Documentum */,
			);
			path = Services;
			sourceTree = "<group>";
		};
		1E9BC7DA201ACC6700D37441 /* Alert */ = {
			isa = PBXGroup;
			children = (
				1E9BC7DB201ACC7300D37441 /* ErrorAlert.swift */,
				1E3985BD206250F700790473 /* Alert.swift */,
			);
			path = Alert;
			sourceTree = "<group>";
		};
		1EEACAE3205F9FA300D48CCA /* Enhancement */ = {
			isa = PBXGroup;
			children = (
				1EEACAE4205F9FB600D48CCA /* RestDownloadService.swift */,
			);
			path = Enhancement;
			sourceTree = "<group>";
		};
		B403ABD488C936D78BA0E958 /* Frameworks */ = {
			isa = PBXGroup;
			children = (
				1E1473772019E2120011E963 /* SwiftyRest.framework */,
				F3C90BFBC1F679262AFF52B4 /* Pods_HiringTracker.framework */,
			);
			name = Frameworks;
			sourceTree = "<group>";
		};
		F3488CAA989E2EC3355E8489 /* Pods */ = {
			isa = PBXGroup;
			children = (
				B693004F0FF918561DD68DBF /* Pods-HiringTracker.debug.xcconfig */,
				7E60551E373960A7C5365BC2 /* Pods-HiringTracker.release.xcconfig */,
			);
			name = Pods;
			sourceTree = "<group>";
		};
/* End PBXGroup section */

/* Begin PBXNativeTarget section */
		1E44DA472018349400790F4C /* HiringTracker */ = {
			isa = PBXNativeTarget;
			buildConfigurationList = 1E44DA722018349500790F4C /* Build configuration list for PBXNativeTarget "HiringTracker" */;
			buildPhases = (
				C80E3C12FA9655D806C04D04 /* [CP] Check Pods Manifest.lock */,
				1E44DA442018349400790F4C /* Sources */,
				1E44DA452018349400790F4C /* Frameworks */,
				1E44DA462018349400790F4C /* Resources */,
				0A46B61E4D7EA32C3007E4EE /* [CP] Embed Pods Frameworks */,
				9C0E2193F7EE1FF0CA61CA0B /* [CP] Copy Pods Resources */,
				1E3985B820624B9F00790473 /* Embed Frameworks */,
			);
			buildRules = (
			);
			dependencies = (
			);
			name = HiringTracker;
			productName = HiringTracker;
			productReference = 1E44DA482018349400790F4C /* HiringTracker.app */;
			productType = "com.apple.product-type.application";
		};
		1E44DA5D2018349500790F4C /* HiringTrackerTests */ = {
			isa = PBXNativeTarget;
			buildConfigurationList = 1E44DA752018349500790F4C /* Build configuration list for PBXNativeTarget "HiringTrackerTests" */;
			buildPhases = (
				1E44DA5A2018349500790F4C /* Sources */,
				1E44DA5B2018349500790F4C /* Frameworks */,
				1E44DA5C2018349500790F4C /* Resources */,
			);
			buildRules = (
			);
			dependencies = (
				1E44DA602018349500790F4C /* PBXTargetDependency */,
			);
			name = HiringTrackerTests;
			productName = HiringTrackerTests;
			productReference = 1E44DA5E2018349500790F4C /* HiringTrackerTests.xctest */;
			productType = "com.apple.product-type.bundle.unit-test";
		};
		1E44DA682018349500790F4C /* HiringTrackerUITests */ = {
			isa = PBXNativeTarget;
			buildConfigurationList = 1E44DA782018349500790F4C /* Build configuration list for PBXNativeTarget "HiringTrackerUITests" */;
			buildPhases = (
				1E44DA652018349500790F4C /* Sources */,
				1E44DA662018349500790F4C /* Frameworks */,
				1E44DA672018349500790F4C /* Resources */,
			);
			buildRules = (
			);
			dependencies = (
				1E44DA6B2018349500790F4C /* PBXTargetDependency */,
			);
			name = HiringTrackerUITests;
			productName = HiringTrackerUITests;
			productReference = 1E44DA692018349500790F4C /* HiringTrackerUITests.xctest */;
			productType = "com.apple.product-type.bundle.ui-testing";
		};
/* End PBXNativeTarget section */

/* Begin PBXProject section */
		1E44DA402018349400790F4C /* Project object */ = {
			isa = PBXProject;
			attributes = {
				LastSwiftUpdateCheck = 0920;
				LastUpgradeCheck = 0920;
				ORGANIZATIONNAME = "Song, Michyo";
				TargetAttributes = {
					1E44DA472018349400790F4C = {
						CreatedOnToolsVersion = 9.2;
						ProvisioningStyle = Automatic;
					};
					1E44DA5D2018349500790F4C = {
						CreatedOnToolsVersion = 9.2;
						ProvisioningStyle = Automatic;
						TestTargetID = 1E44DA472018349400790F4C;
					};
					1E44DA682018349500790F4C = {
						CreatedOnToolsVersion = 9.2;
						ProvisioningStyle = Automatic;
						TestTargetID = 1E44DA472018349400790F4C;
					};
				};
			};
			buildConfigurationList = 1E44DA432018349400790F4C /* Build configuration list for PBXProject "HiringTracker" */;
			compatibilityVersion = "Xcode 8.0";
			developmentRegion = en;
			hasScannedForEncodings = 0;
			knownRegions = (
				en,
				Base,
			);
			mainGroup = 1E44DA3F2018349400790F4C;
			productRefGroup = 1E44DA492018349400790F4C /* Products */;
			projectDirPath = "";
			projectRoot = "";
			targets = (
				1E44DA472018349400790F4C /* HiringTracker */,
				1E44DA5D2018349500790F4C /* HiringTrackerTests */,
				1E44DA682018349500790F4C /* HiringTrackerUITests */,
			);
		};
/* End PBXProject section */

/* Begin PBXResourcesBuildPhase section */
		1E44DA462018349400790F4C /* Resources */ = {
			isa = PBXResourcesBuildPhase;
			buildActionMask = 2147483647;
			files = (
				1E44DA582018349400790F4C /* LaunchScreen.storyboard in Resources */,
				1E44DA552018349400790F4C /* Assets.xcassets in Resources */,
				1E44DA532018349400790F4C /* Main.storyboard in Resources */,
			);
			runOnlyForDeploymentPostprocessing = 0;
		};
		1E44DA5C2018349500790F4C /* Resources */ = {
			isa = PBXResourcesBuildPhase;
			buildActionMask = 2147483647;
			files = (
			);
			runOnlyForDeploymentPostprocessing = 0;
		};
		1E44DA672018349500790F4C /* Resources */ = {
			isa = PBXResourcesBuildPhase;
			buildActionMask = 2147483647;
			files = (
			);
			runOnlyForDeploymentPostprocessing = 0;
		};
/* End PBXResourcesBuildPhase section */

/* Begin PBXShellScriptBuildPhase section */
		0A46B61E4D7EA32C3007E4EE /* [CP] Embed Pods Frameworks */ = {
			isa = PBXShellScriptBuildPhase;
			buildActionMask = 2147483647;
			files = (
			);
			inputPaths = (
				"${SRCROOT}/Pods/Target Support Files/Pods-HiringTracker/Pods-HiringTracker-frameworks.sh",
				"${BUILT_PRODUCTS_DIR}/Alamofire/Alamofire.framework",
				"${BUILT_PRODUCTS_DIR}/FontAwesome.swift/FontAwesome_swift.framework",
				"${BUILT_PRODUCTS_DIR}/OAuthSwift/OAuthSwift.framework",
				"${BUILT_PRODUCTS_DIR}/SQLite.swift/SQLite.framework",
				"${BUILT_PRODUCTS_DIR}/SwiftLog/SwiftLog.framework",
				"${BUILT_PRODUCTS_DIR}/SwiftyJSON/SwiftyJSON.framework",
			);
			name = "[CP] Embed Pods Frameworks";
			outputPaths = (
				"${TARGET_BUILD_DIR}/${FRAMEWORKS_FOLDER_PATH}/Alamofire.framework",
				"${TARGET_BUILD_DIR}/${FRAMEWORKS_FOLDER_PATH}/FontAwesome_swift.framework",
				"${TARGET_BUILD_DIR}/${FRAMEWORKS_FOLDER_PATH}/OAuthSwift.framework",
				"${TARGET_BUILD_DIR}/${FRAMEWORKS_FOLDER_PATH}/SQLite.framework",
				"${TARGET_BUILD_DIR}/${FRAMEWORKS_FOLDER_PATH}/SwiftLog.framework",
				"${TARGET_BUILD_DIR}/${FRAMEWORKS_FOLDER_PATH}/SwiftyJSON.framework",
			);
			runOnlyForDeploymentPostprocessing = 0;
			shellPath = /bin/sh;
			shellScript = "\"${SRCROOT}/Pods/Target Support Files/Pods-HiringTracker/Pods-HiringTracker-frameworks.sh\"\n";
			showEnvVarsInLog = 0;
		};
		9C0E2193F7EE1FF0CA61CA0B /* [CP] Copy Pods Resources */ = {
			isa = PBXShellScriptBuildPhase;
			buildActionMask = 2147483647;
			files = (
			);
			inputPaths = (
			);
			name = "[CP] Copy Pods Resources";
			outputPaths = (
			);
			runOnlyForDeploymentPostprocessing = 0;
			shellPath = /bin/sh;
			shellScript = "\"${SRCROOT}/Pods/Target Support Files/Pods-HiringTracker/Pods-HiringTracker-resources.sh\"\n";
			showEnvVarsInLog = 0;
		};
		C80E3C12FA9655D806C04D04 /* [CP] Check Pods Manifest.lock */ = {
			isa = PBXShellScriptBuildPhase;
			buildActionMask = 2147483647;
			files = (
			);
			inputPaths = (
				"${PODS_PODFILE_DIR_PATH}/Podfile.lock",
				"${PODS_ROOT}/Manifest.lock",
			);
			name = "[CP] Check Pods Manifest.lock";
			outputPaths = (
				"$(DERIVED_FILE_DIR)/Pods-HiringTracker-checkManifestLockResult.txt",
			);
			runOnlyForDeploymentPostprocessing = 0;
			shellPath = /bin/sh;
			shellScript = "diff \"${PODS_PODFILE_DIR_PATH}/Podfile.lock\" \"${PODS_ROOT}/Manifest.lock\" > /dev/null\nif [ $? != 0 ] ; then\n    # print error to STDERR\n    echo \"error: The sandbox is not in sync with the Podfile.lock. Run 'pod install' or update your CocoaPods installation.\" >&2\n    exit 1\nfi\n# This output is used by Xcode 'outputs' to avoid re-running this script phase.\necho \"SUCCESS\" > \"${SCRIPT_OUTPUT_FILE_0}\"\n";
			showEnvVarsInLog = 0;
		};
/* End PBXShellScriptBuildPhase section */

/* Begin PBXSourcesBuildPhase section */
		1E44DA442018349400790F4C /* Sources */ = {
			isa = PBXSourcesBuildPhase;
			buildActionMask = 2147483647;
			files = (
				1E9BC7D9201AC94100D37441 /* RestCollectionService.swift in Sources */,
				1E44DA502018349400790F4C /* ApplicantDetailViewController.swift in Sources */,
				1E44DA8A20188FF500790F4C /* BasicObject.swift in Sources */,
				1E44BF312047C46D002DEF37 /* ApplicantsItemCell.swift in Sources */,
				1E44BF332047C56C002DEF37 /* Applicant.swift in Sources */,
				1E595B5E205F83DF007ED4E5 /* JobsCollectionService.swift in Sources */,
				1EE2B7832047E08C007C78CD /* AbstractSingleViewController.swift in Sources */,
				1EEACAE7205FB1E500D48CCA /* AbstractViewController.swift in Sources */,
				1E4565D0204804EE003B0461 /* ApplicantDetailInfoCell.swift in Sources */,
				1E44BF2F2047C43A002DEF37 /* ApplicantDetailTitleCell.swift in Sources */,
				1E3985C0206359D300790473 /* UtilService.swift in Sources */,
				1E44DA4E2018349400790F4C /* ApplicantsViewController.swift in Sources */,
				1E301F4F204506EE00C5EB73 /* IconHelper.swift in Sources */,
				1E3985C320638E9100790473 /* LoginController.swift in Sources */,
				1EE2B7852047E3DB007C78CD /* RestSingleService.swift in Sources */,
				1E44BF372047C890002DEF37 /* ApplicantsCollectionService.swift in Sources */,
				1E44DA8C2019741600790F4C /* Context.swift in Sources */,
				1E44DA8E201977BA00790F4C /* User.swift in Sources */,
				1E1473732019DFBE0011E963 /* AbstractCollectionViewController.swift in Sources */,
				1E595B67205F899A007ED4E5 /* EmployeeTabBarViewController.swift in Sources */,
				1E9BC7D2201AC61800D37441 /* ItemTableViewCell.swift in Sources */,
				1E44DA9220197D1F00790F4C /* Document.swift in Sources */,
				1E3985BE206250F700790473 /* Alert.swift in Sources */,
				1E44DA4C2018349400790F4C /* AppDelegate.swift in Sources */,
				1EEACAE2205F9BEB00D48CCA /* JobDetailApplicantSideViewController.swift in Sources */,
				1E44DA8320188DEA00790F4C /* Job.swift in Sources */,
				1E301F482043FAC400C5EB73 /* MainMenuViewController.swift in Sources */,
				1E44DA94201984F300790F4C /* Employer.swift in Sources */,
				1E595B5C205F838C007ED4E5 /* JobsItemCell.swift in Sources */,
				1E1473762019DFF70011E963 /* ActivityIndicatorHelper.swift in Sources */,
				1E9BC7DC201ACC7300D37441 /* ErrorAlert.swift in Sources */,
				1EEACAE5205F9FB600D48CCA /* RestDownloadService.swift in Sources */,
				1E595B61205F84DE007ED4E5 /* JobsViewController.swift in Sources */,
				1E595B63205F88C0007ED4E5 /* ApplicantTabBarViewController.swift in Sources */,
				1E44DA8820188F6D00790F4C /* DmType.swift in Sources */,
				1EDF812E205920DA008FB71D /* ApplicantProperties.swift in Sources */,
			);
			runOnlyForDeploymentPostprocessing = 0;
		};
		1E44DA5A2018349500790F4C /* Sources */ = {
			isa = PBXSourcesBuildPhase;
			buildActionMask = 2147483647;
			files = (
				1E44DA632018349500790F4C /* HiringTrackerTests.swift in Sources */,
			);
			runOnlyForDeploymentPostprocessing = 0;
		};
		1E44DA652018349500790F4C /* Sources */ = {
			isa = PBXSourcesBuildPhase;
			buildActionMask = 2147483647;
			files = (
				1E44DA6E2018349500790F4C /* HiringTrackerUITests.swift in Sources */,
			);
			runOnlyForDeploymentPostprocessing = 0;
		};
/* End PBXSourcesBuildPhase section */

/* Begin PBXTargetDependency section */
		1E44DA602018349500790F4C /* PBXTargetDependency */ = {
			isa = PBXTargetDependency;
			target = 1E44DA472018349400790F4C /* HiringTracker */;
			targetProxy = 1E44DA5F2018349500790F4C /* PBXContainerItemProxy */;
		};
		1E44DA6B2018349500790F4C /* PBXTargetDependency */ = {
			isa = PBXTargetDependency;
			target = 1E44DA472018349400790F4C /* HiringTracker */;
			targetProxy = 1E44DA6A2018349500790F4C /* PBXContainerItemProxy */;
		};
/* End PBXTargetDependency section */

/* Begin PBXVariantGroup section */
		1E44DA512018349400790F4C /* Main.storyboard */ = {
			isa = PBXVariantGroup;
			children = (
				1E44DA522018349400790F4C /* Base */,
			);
			name = Main.storyboard;
			sourceTree = "<group>";
		};
		1E44DA562018349400790F4C /* LaunchScreen.storyboard */ = {
			isa = PBXVariantGroup;
			children = (
				1E44DA572018349400790F4C /* Base */,
			);
			name = LaunchScreen.storyboard;
			sourceTree = "<group>";
		};
/* End PBXVariantGroup section */

/* Begin XCBuildConfiguration section */
		1E44DA702018349500790F4C /* Debug */ = {
			isa = XCBuildConfiguration;
			buildSettings = {
				ALWAYS_SEARCH_USER_PATHS = NO;
				CLANG_ANALYZER_NONNULL = YES;
				CLANG_ANALYZER_NUMBER_OBJECT_CONVERSION = YES_AGGRESSIVE;
				CLANG_CXX_LANGUAGE_STANDARD = "gnu++14";
				CLANG_CXX_LIBRARY = "libc++";
				CLANG_ENABLE_MODULES = YES;
				CLANG_ENABLE_OBJC_ARC = YES;
				CLANG_WARN_BLOCK_CAPTURE_AUTORELEASING = YES;
				CLANG_WARN_BOOL_CONVERSION = YES;
				CLANG_WARN_COMMA = YES;
				CLANG_WARN_CONSTANT_CONVERSION = YES;
				CLANG_WARN_DIRECT_OBJC_ISA_USAGE = YES_ERROR;
				CLANG_WARN_DOCUMENTATION_COMMENTS = YES;
				CLANG_WARN_EMPTY_BODY = YES;
				CLANG_WARN_ENUM_CONVERSION = YES;
				CLANG_WARN_INFINITE_RECURSION = YES;
				CLANG_WARN_INT_CONVERSION = YES;
				CLANG_WARN_NON_LITERAL_NULL_CONVERSION = YES;
				CLANG_WARN_OBJC_LITERAL_CONVERSION = YES;
				CLANG_WARN_OBJC_ROOT_CLASS = YES_ERROR;
				CLANG_WARN_RANGE_LOOP_ANALYSIS = YES;
				CLANG_WARN_STRICT_PROTOTYPES = YES;
				CLANG_WARN_SUSPICIOUS_MOVE = YES;
				CLANG_WARN_UNGUARDED_AVAILABILITY = YES_AGGRESSIVE;
				CLANG_WARN_UNREACHABLE_CODE = YES;
				CLANG_WARN__DUPLICATE_METHOD_MATCH = YES;
				CODE_SIGN_IDENTITY = "iPhone Developer";
				COPY_PHASE_STRIP = NO;
				DEBUG_INFORMATION_FORMAT = dwarf;
				ENABLE_STRICT_OBJC_MSGSEND = YES;
				ENABLE_TESTABILITY = YES;
				GCC_C_LANGUAGE_STANDARD = gnu11;
				GCC_DYNAMIC_NO_PIC = NO;
				GCC_NO_COMMON_BLOCKS = YES;
				GCC_OPTIMIZATION_LEVEL = 0;
				GCC_PREPROCESSOR_DEFINITIONS = (
					"DEBUG=1",
					"$(inherited)",
				);
				GCC_WARN_64_TO_32_BIT_CONVERSION = YES;
				GCC_WARN_ABOUT_RETURN_TYPE = YES_ERROR;
				GCC_WARN_UNDECLARED_SELECTOR = YES;
				GCC_WARN_UNINITIALIZED_AUTOS = YES_AGGRESSIVE;
				GCC_WARN_UNUSED_FUNCTION = YES;
				GCC_WARN_UNUSED_VARIABLE = YES;
				IPHONEOS_DEPLOYMENT_TARGET = 11.2;
				MTL_ENABLE_DEBUG_INFO = YES;
				ONLY_ACTIVE_ARCH = YES;
				SDKROOT = iphoneos;
				SWIFT_ACTIVE_COMPILATION_CONDITIONS = DEBUG;
				SWIFT_OPTIMIZATION_LEVEL = "-Onone";
			};
			name = Debug;
		};
		1E44DA712018349500790F4C /* Release */ = {
			isa = XCBuildConfiguration;
			buildSettings = {
				ALWAYS_SEARCH_USER_PATHS = NO;
				CLANG_ANALYZER_NONNULL = YES;
				CLANG_ANALYZER_NUMBER_OBJECT_CONVERSION = YES_AGGRESSIVE;
				CLANG_CXX_LANGUAGE_STANDARD = "gnu++14";
				CLANG_CXX_LIBRARY = "libc++";
				CLANG_ENABLE_MODULES = YES;
				CLANG_ENABLE_OBJC_ARC = YES;
				CLANG_WARN_BLOCK_CAPTURE_AUTORELEASING = YES;
				CLANG_WARN_BOOL_CONVERSION = YES;
				CLANG_WARN_COMMA = YES;
				CLANG_WARN_CONSTANT_CONVERSION = YES;
				CLANG_WARN_DIRECT_OBJC_ISA_USAGE = YES_ERROR;
				CLANG_WARN_DOCUMENTATION_COMMENTS = YES;
				CLANG_WARN_EMPTY_BODY = YES;
				CLANG_WARN_ENUM_CONVERSION = YES;
				CLANG_WARN_INFINITE_RECURSION = YES;
				CLANG_WARN_INT_CONVERSION = YES;
				CLANG_WARN_NON_LITERAL_NULL_CONVERSION = YES;
				CLANG_WARN_OBJC_LITERAL_CONVERSION = YES;
				CLANG_WARN_OBJC_ROOT_CLASS = YES_ERROR;
				CLANG_WARN_RANGE_LOOP_ANALYSIS = YES;
				CLANG_WARN_STRICT_PROTOTYPES = YES;
				CLANG_WARN_SUSPICIOUS_MOVE = YES;
				CLANG_WARN_UNGUARDED_AVAILABILITY = YES_AGGRESSIVE;
				CLANG_WARN_UNREACHABLE_CODE = YES;
				CLANG_WARN__DUPLICATE_METHOD_MATCH = YES;
				CODE_SIGN_IDENTITY = "iPhone Developer";
				COPY_PHASE_STRIP = NO;
				DEBUG_INFORMATION_FORMAT = "dwarf-with-dsym";
				ENABLE_NS_ASSERTIONS = NO;
				ENABLE_STRICT_OBJC_MSGSEND = YES;
				GCC_C_LANGUAGE_STANDARD = gnu11;
				GCC_NO_COMMON_BLOCKS = YES;
				GCC_WARN_64_TO_32_BIT_CONVERSION = YES;
				GCC_WARN_ABOUT_RETURN_TYPE = YES_ERROR;
				GCC_WARN_UNDECLARED_SELECTOR = YES;
				GCC_WARN_UNINITIALIZED_AUTOS = YES_AGGRESSIVE;
				GCC_WARN_UNUSED_FUNCTION = YES;
				GCC_WARN_UNUSED_VARIABLE = YES;
				IPHONEOS_DEPLOYMENT_TARGET = 11.2;
				MTL_ENABLE_DEBUG_INFO = NO;
				SDKROOT = iphoneos;
				SWIFT_OPTIMIZATION_LEVEL = "-Owholemodule";
				VALIDATE_PRODUCT = YES;
			};
			name = Release;
		};
		1E44DA732018349500790F4C /* Debug */ = {
			isa = XCBuildConfiguration;
			baseConfigurationReference = B693004F0FF918561DD68DBF /* Pods-HiringTracker.debug.xcconfig */;
			buildSettings = {
				ASSETCATALOG_COMPILER_APPICON_NAME = AppIcon;
				CODE_SIGN_STYLE = Automatic;
				DEVELOPMENT_TEAM = 44AGD47YRS;
				EMBED_ASSET_PACKS_IN_PRODUCT_BUNDLE = YES;
				FRAMEWORK_SEARCH_PATHS = (
					"$(inherited)/**",
					"$(PROJECT_DIR)/**",
					"$(SRCROOT)/**",
					"$(PROJECT_DIR)",
				);
				INFOPLIST_FILE = HiringTracker/Info.plist;
				LD_RUNPATH_SEARCH_PATHS = "$(inherited) @executable_path/Frameworks";
				PRODUCT_BUNDLE_IDENTIFIER = com.opentext.HiringTracker;
				PRODUCT_NAME = "$(TARGET_NAME)";
				SWIFT_VERSION = 4.0;
				TARGETED_DEVICE_FAMILY = "1,2";
			};
			name = Debug;
		};
		1E44DA742018349500790F4C /* Release */ = {
			isa = XCBuildConfiguration;
			baseConfigurationReference = 7E60551E373960A7C5365BC2 /* Pods-HiringTracker.release.xcconfig */;
			buildSettings = {
				ASSETCATALOG_COMPILER_APPICON_NAME = AppIcon;
				CODE_SIGN_STYLE = Automatic;
				DEVELOPMENT_TEAM = 44AGD47YRS;
				EMBED_ASSET_PACKS_IN_PRODUCT_BUNDLE = YES;
				FRAMEWORK_SEARCH_PATHS = (
					"$(inherited)/**",
					"$(PROJECT_DIR)/**",
					"SRCROOT/**",
					"$(PROJECT_DIR)",
				);
				INFOPLIST_FILE = HiringTracker/Info.plist;
				LD_RUNPATH_SEARCH_PATHS = "$(inherited) @executable_path/Frameworks";
				ONLY_ACTIVE_ARCH = YES;
				PRODUCT_BUNDLE_IDENTIFIER = com.opentext.HiringTracker;
				PRODUCT_NAME = "$(TARGET_NAME)";
				SWIFT_VERSION = 4.0;
				TARGETED_DEVICE_FAMILY = "1,2";
			};
			name = Release;
		};
		1E44DA762018349500790F4C /* Debug */ = {
			isa = XCBuildConfiguration;
			buildSettings = {
				ALWAYS_EMBED_SWIFT_STANDARD_LIBRARIES = YES;
				BUNDLE_LOADER = "$(TEST_HOST)";
				CODE_SIGN_STYLE = Automatic;
				INFOPLIST_FILE = HiringTrackerTests/Info.plist;
				LD_RUNPATH_SEARCH_PATHS = "$(inherited) @executable_path/Frameworks @loader_path/Frameworks";
				PRODUCT_BUNDLE_IDENTIFIER = com.opentext.HiringTrackerTests;
				PRODUCT_NAME = "$(TARGET_NAME)";
				SWIFT_VERSION = 4.0;
				TARGETED_DEVICE_FAMILY = "1,2";
				TEST_HOST = "$(BUILT_PRODUCTS_DIR)/HiringTracker.app/HiringTracker";
			};
			name = Debug;
		};
		1E44DA772018349500790F4C /* Release */ = {
			isa = XCBuildConfiguration;
			buildSettings = {
				ALWAYS_EMBED_SWIFT_STANDARD_LIBRARIES = YES;
				BUNDLE_LOADER = "$(TEST_HOST)";
				CODE_SIGN_STYLE = Automatic;
				INFOPLIST_FILE = HiringTrackerTests/Info.plist;
				LD_RUNPATH_SEARCH_PATHS = "$(inherited) @executable_path/Frameworks @loader_path/Frameworks";
				PRODUCT_BUNDLE_IDENTIFIER = com.opentext.HiringTrackerTests;
				PRODUCT_NAME = "$(TARGET_NAME)";
				SWIFT_VERSION = 4.0;
				TARGETED_DEVICE_FAMILY = "1,2";
				TEST_HOST = "$(BUILT_PRODUCTS_DIR)/HiringTracker.app/HiringTracker";
			};
			name = Release;
		};
		1E44DA792018349500790F4C /* Debug */ = {
			isa = XCBuildConfiguration;
			buildSettings = {
				ALWAYS_EMBED_SWIFT_STANDARD_LIBRARIES = YES;
				CODE_SIGN_STYLE = Automatic;
				INFOPLIST_FILE = HiringTrackerUITests/Info.plist;
				LD_RUNPATH_SEARCH_PATHS = "$(inherited) @executable_path/Frameworks @loader_path/Frameworks";
				PRODUCT_BUNDLE_IDENTIFIER = com.opentext.HiringTrackerUITests;
				PRODUCT_NAME = "$(TARGET_NAME)";
				SWIFT_VERSION = 4.0;
				TARGETED_DEVICE_FAMILY = "1,2";
				TEST_TARGET_NAME = HiringTracker;
			};
			name = Debug;
		};
		1E44DA7A2018349500790F4C /* Release */ = {
			isa = XCBuildConfiguration;
			buildSettings = {
				ALWAYS_EMBED_SWIFT_STANDARD_LIBRARIES = YES;
				CODE_SIGN_STYLE = Automatic;
				INFOPLIST_FILE = HiringTrackerUITests/Info.plist;
				LD_RUNPATH_SEARCH_PATHS = "$(inherited) @executable_path/Frameworks @loader_path/Frameworks";
				PRODUCT_BUNDLE_IDENTIFIER = com.opentext.HiringTrackerUITests;
				PRODUCT_NAME = "$(TARGET_NAME)";
				SWIFT_VERSION = 4.0;
				TARGETED_DEVICE_FAMILY = "1,2";
				TEST_TARGET_NAME = HiringTracker;
			};
			name = Release;
		};
/* End XCBuildConfiguration section */

/* Begin XCConfigurationList section */
		1E44DA432018349400790F4C /* Build configuration list for PBXProject "HiringTracker" */ = {
			isa = XCConfigurationList;
			buildConfigurations = (
				1E44DA702018349500790F4C /* Debug */,
				1E44DA712018349500790F4C /* Release */,
			);
			defaultConfigurationIsVisible = 0;
			defaultConfigurationName = Release;
		};
		1E44DA722018349500790F4C /* Build configuration list for PBXNativeTarget "HiringTracker" */ = {
			isa = XCConfigurationList;
			buildConfigurations = (
				1E44DA732018349500790F4C /* Debug */,
				1E44DA742018349500790F4C /* Release */,
			);
			defaultConfigurationIsVisible = 0;
			defaultConfigurationName = Release;
		};
		1E44DA752018349500790F4C /* Build configuration list for PBXNativeTarget "HiringTrackerTests" */ = {
			isa = XCConfigurationList;
			buildConfigurations = (
				1E44DA762018349500790F4C /* Debug */,
				1E44DA772018349500790F4C /* Release */,
			);
			defaultConfigurationIsVisible = 0;
			defaultConfigurationName = Release;
		};
		1E44DA782018349500790F4C /* Build configuration list for PBXNativeTarget "HiringTrackerUITests" */ = {
			isa = XCConfigurationList;
			buildConfigurations = (
				1E44DA792018349500790F4C /* Debug */,
				1E44DA7A2018349500790F4C /* Release */,
			);
			defaultConfigurationIsVisible = 0;
			defaultConfigurationName = Release;
		};
/* End XCConfigurationList section */
	};
	rootObject = 1E44DA402018349400790F4C /* Project object */;
}
